// !$*UTF8*$!
{
	archiveVersion = 1;
	classes = {
	};
	objectVersion = 77;
	objects = {

/* Begin PBXBuildFile section */
		0578DC6A8B6E2941236A5EAD /* ProjectStageTests.swift in Sources */ = {isa = PBXBuildFile; fileRef = 91B75283300A66FBEF2E2FF1 /* ProjectStageTests.swift */; };
		075DEBC3144C14E0D5D0B29F /* ExportServiceTests.swift in Sources */ = {isa = PBXBuildFile; fileRef = 136DA2BAAE0BFB52F81D51AF /* ExportServiceTests.swift */; };
		0A74FC15E5823D9AA1BF85E6 /* CheckpointSeederTests.swift in Sources */ = {isa = PBXBuildFile; fileRef = F5F8CF0E178676902B3F1941 /* CheckpointSeederTests.swift */; };
		12FDC86AE3BD3170229AFC17 /* CheckpointsTabView.swift in Sources */ = {isa = PBXBuildFile; fileRef = F4C120D36321FD114B0B12D0 /* CheckpointsTabView.swift */; };
		1F69BB202FFD629963B03D3F /* OverviewTabView.swift in Sources */ = {isa = PBXBuildFile; fileRef = D352B286BEC31D3217424D2A /* OverviewTabView.swift */; };
		21AD19CD97922EC2BDDBAD68 /* ImportService.swift in Sources */ = {isa = PBXBuildFile; fileRef = 65FCCB00F67B9C0976DD24B9 /* ImportService.swift */; };
		2AEAB3B4BFD441179AA3B2F8 /* MarkdownTheme.swift in Sources */ = {isa = PBXBuildFile; fileRef = 15A6682652284CB2B0BF7C75 /* MarkdownTheme.swift */; };
		3BB93D6C961ACD617B558695 /* Assets.xcassets in Resources */ = {isa = PBXBuildFile; fileRef = 5874993E636C9E4AAB5312EC /* Assets.xcassets */; };
		43EAC4EE73761306D1648AFB /* ContactsTabView.swift in Sources */ = {isa = PBXBuildFile; fileRef = 38F55996E4B25BEA8866A4FE /* ContactsTabView.swift */; };
		49FB6145297DE1323DA76A9C /* TasksTabView.swift in Sources */ = {isa = PBXBuildFile; fileRef = D84528E1FD06653556D61542 /* TasksTabView.swift */; };
		4CBB53D9293C22A9F36C183B /* SettingsView.swift in Sources */ = {isa = PBXBuildFile; fileRef = B0709E5045E8E31D72D0BA8E /* SettingsView.swift */; };
		5250104FC3B8AAC191D734F3 /* EngagementTrackerApp.swift in Sources */ = {isa = PBXBuildFile; fileRef = 32F788AD6B2F2882F39C98AD /* EngagementTrackerApp.swift */; };
		57D778A5F2FFD534A5F7A7D2 /* SwiftData.framework in Frameworks */ = {isa = PBXBuildFile; fileRef = 552059A7EDF684B9D86005BD /* SwiftData.framework */; };
		5FF40E7523D45D106CDB90F4 /* Checkpoint.swift in Sources */ = {isa = PBXBuildFile; fileRef = 627193FC2257799E20E92E14 /* Checkpoint.swift */; };
		60835F6348A120DFEE9EB035 /* LogEngagementSheet.swift in Sources */ = {isa = PBXBuildFile; fileRef = CE8DB8B45857A236547DA7BA /* LogEngagementSheet.swift */; };
		681639735E96C7F2903DD59A /* Engagement.swift in Sources */ = {isa = PBXBuildFile; fileRef = CCE2A432222F09AE7920E6C9 /* Engagement.swift */; };
		6FDCFFF80A71F9B9574BCA85 /* CheckpointSeeder.swift in Sources */ = {isa = PBXBuildFile; fileRef = C6E3A31D91687A72137F19BD /* CheckpointSeeder.swift */; };
		70FA610E2294BA4A486D11C3 /* ProjectTask.swift in Sources */ = {isa = PBXBuildFile; fileRef = 63C50165EBA0FB0AF8AB4E47 /* ProjectTask.swift */; };
		7B52BB4E76FFAFE1D8F557F1 /* SearchFilterTests.swift in Sources */ = {isa = PBXBuildFile; fileRef = 8AD6CCD5883650AF903F00EF /* SearchFilterTests.swift */; };
		7C0B9F30AF2EF01185B90166 /* ExportModelsTests.swift in Sources */ = {isa = PBXBuildFile; fileRef = EF34B930FBCC51AB1BC2125A /* ExportModelsTests.swift */; };
		7C54EDA56C2F64CBD6CA3DC0 /* ProjectListView.swift in Sources */ = {isa = PBXBuildFile; fileRef = 12EBC0A82C1D517978A4CD02 /* ProjectListView.swift */; };
		86C363F02D5D5FBCC20779DF /* EngagementsTabView.swift in Sources */ = {isa = PBXBuildFile; fileRef = 51116AAA7B466D42D7944FC6 /* EngagementsTabView.swift */; };
		88DB35101CC8A902353099FE /* AppState.swift in Sources */ = {isa = PBXBuildFile; fileRef = 6566B913CAC1CB94744A4B45 /* AppState.swift */; };
		8EEBDA6A623D08BA5FE535A7 /* Project.swift in Sources */ = {isa = PBXBuildFile; fileRef = A9E731AD64C56074C9977ADD /* Project.swift */; };
		94A041DCE2C87DF70AAB363C /* Note.swift in Sources */ = {isa = PBXBuildFile; fileRef = 62B4AF03BAA576689329F6A0 /* Note.swift */; };
		94ED081F2F7BB4E300B5BF11 /* MarkdownUI in Frameworks */ = {isa = PBXBuildFile; productRef = 94ED081E2F7BB4E300B5BF11 /* MarkdownUI */; };
		9874DCCEA7AAAF922CC2D78B /* ContentView.swift in Sources */ = {isa = PBXBuildFile; fileRef = F6D517FD1ECF85DF9C456686 /* ContentView.swift */; };
		A1B2C3D4E5F60011223344AA /* AppColors.swift in Sources */ = {isa = PBXBuildFile; fileRef = A1B2C3D4E5F60011223344BB /* AppColors.swift */; };
		A64836B6A92B833A99A9B666 /* AddContactSheet.swift in Sources */ = {isa = PBXBuildFile; fileRef = 0B9EF2F993C7A6C3565201CE /* AddContactSheet.swift */; };
		AA3B7C2D1E4F5A6B7C8D9E0F /* ProjectTemplate.swift in Sources */ = {isa = PBXBuildFile; fileRef = BB3B7C2D1E4F5A6B7C8D9E0F /* ProjectTemplate.swift */; };
		AAF5CF80F9AEA5E2CB305DBD /* Contact.swift in Sources */ = {isa = PBXBuildFile; fileRef = F749FEE3E002F243C7D09F6D /* Contact.swift */; };
		B6D08BD817A4076DDD0C436E /* NotesTabView.swift in Sources */ = {isa = PBXBuildFile; fileRef = C2F67B9AE879F56CCA52FF73 /* NotesTabView.swift */; };
		B98B91A72C4BEA36D7BAA0B0 /* NewProjectSheet.swift in Sources */ = {isa = PBXBuildFile; fileRef = F2ED0540CA094AD0E4CE56E7 /* NewProjectSheet.swift */; };
		BB8207BD2D9491D4D0560C96 /* MenuBarPopoverView.swift in Sources */ = {isa = PBXBuildFile; fileRef = 85FBCBFF52A3D3A090DA1163 /* MenuBarPopoverView.swift */; };
		BF1E400013C32C47A9C25AB9 /* ImportSheet.swift in Sources */ = {isa = PBXBuildFile; fileRef = 4C6736F54BC490954B10E09B /* ImportSheet.swift */; };
		C545EC183BF1BA0BA2313AC9 /* ExportSheet.swift in Sources */ = {isa = PBXBuildFile; fileRef = 3FA5BEB46A4653842DC7D9BA /* ExportSheet.swift */; };
		D58FC1BBADF35C2359D0E5F9 /* Enums.swift in Sources */ = {isa = PBXBuildFile; fileRef = 82E86052E3162427C8589915 /* Enums.swift */; };
		D6D9EF30977C497BAB34FBE5 /* ExportModels.swift in Sources */ = {isa = PBXBuildFile; fileRef = C60BB4893F497AA0E99FF0DA /* ExportModels.swift */; };
		E19D3443C1B7DEC0D92F8DE6 /* ProjectDetailView.swift in Sources */ = {isa = PBXBuildFile; fileRef = 667315A690EA2A742742EC15 /* ProjectDetailView.swift */; };
		E7AEB9451AA317BC31627B87 /* ImportServiceTests.swift in Sources */ = {isa = PBXBuildFile; fileRef = 0A427C1837C1075C3D40FACC /* ImportServiceTests.swift */; };
		EE2A4CF7E2F18F2150E30F3F /* ExportService.swift in Sources */ = {isa = PBXBuildFile; fileRef = C460831A71EE682C70B7C21E /* ExportService.swift */; };
		FC9CFD95ECF54205F54B8CF8 /* StagesSidebarView.swift in Sources */ = {isa = PBXBuildFile; fileRef = D03083ABE1EEC050DC136FBB /* StagesSidebarView.swift */; };
/* End PBXBuildFile section */

/* Begin PBXContainerItemProxy section */
		FF7126FDE1B2B060C26A4A05 /* PBXContainerItemProxy */ = {
			isa = PBXContainerItemProxy;
			containerPortal = 6DF5E35D3D5DB3D76CF29AAB /* Project object */;
			proxyType = 1;
			remoteGlobalIDString = 38DE482C423318C98CD86BD0;
			remoteInfo = EngagementTracker;
		};
/* End PBXContainerItemProxy section */

/* Begin PBXFileReference section */
		0081E647F2EA1FD9895D3971 /* EngagementTracker.app */ = {isa = PBXFileReference; explicitFileType = wrapper.application; includeInIndex = 0; path = EngagementTracker.app; sourceTree = BUILT_PRODUCTS_DIR; };
		0A427C1837C1075C3D40FACC /* ImportServiceTests.swift */ = {isa = PBXFileReference; lastKnownFileType = sourcecode.swift; path = ImportServiceTests.swift; sourceTree = "<group>"; };
		0B9EF2F993C7A6C3565201CE /* AddContactSheet.swift */ = {isa = PBXFileReference; lastKnownFileType = sourcecode.swift; path = AddContactSheet.swift; sourceTree = "<group>"; };
		12EBC0A82C1D517978A4CD02 /* ProjectListView.swift */ = {isa = PBXFileReference; lastKnownFileType = sourcecode.swift; path = ProjectListView.swift; sourceTree = "<group>"; };
		136DA2BAAE0BFB52F81D51AF /* ExportServiceTests.swift */ = {isa = PBXFileReference; lastKnownFileType = sourcecode.swift; path = ExportServiceTests.swift; sourceTree = "<group>"; };
		15A6682652284CB2B0BF7C75 /* MarkdownTheme.swift */ = {isa = PBXFileReference; lastKnownFileType = sourcecode.swift; path = MarkdownTheme.swift; sourceTree = "<group>"; };
		18704851EBEDB87C86336747 /* EngagementTrackerTests.xctest */ = {isa = PBXFileReference; explicitFileType = wrapper.cfbundle; includeInIndex = 0; path = EngagementTrackerTests.xctest; sourceTree = BUILT_PRODUCTS_DIR; };
		32F788AD6B2F2882F39C98AD /* EngagementTrackerApp.swift */ = {isa = PBXFileReference; lastKnownFileType = sourcecode.swift; path = EngagementTrackerApp.swift; sourceTree = "<group>"; };
		38F55996E4B25BEA8866A4FE /* ContactsTabView.swift */ = {isa = PBXFileReference; lastKnownFileType = sourcecode.swift; path = ContactsTabView.swift; sourceTree = "<group>"; };
		3FA5BEB46A4653842DC7D9BA /* ExportSheet.swift */ = {isa = PBXFileReference; lastKnownFileType = sourcecode.swift; path = ExportSheet.swift; sourceTree = "<group>"; };
		4109D80A799ABFAFEF8F2AEA /* Info.plist */ = {isa = PBXFileReference; lastKnownFileType = text.plist; path = Info.plist; sourceTree = "<group>"; };
		4C6736F54BC490954B10E09B /* ImportSheet.swift */ = {isa = PBXFileReference; lastKnownFileType = sourcecode.swift; path = ImportSheet.swift; sourceTree = "<group>"; };
		51116AAA7B466D42D7944FC6 /* EngagementsTabView.swift */ = {isa = PBXFileReference; lastKnownFileType = sourcecode.swift; path = EngagementsTabView.swift; sourceTree = "<group>"; };
		552059A7EDF684B9D86005BD /* SwiftData.framework */ = {isa = PBXFileReference; lastKnownFileType = wrapper.framework; name = SwiftData.framework; path = System/Library/Frameworks/SwiftData.framework; sourceTree = SDKROOT; };
		5874993E636C9E4AAB5312EC /* Assets.xcassets */ = {isa = PBXFileReference; lastKnownFileType = folder.assetcatalog; path = Assets.xcassets; sourceTree = "<group>"; };
		627193FC2257799E20E92E14 /* Checkpoint.swift */ = {isa = PBXFileReference; lastKnownFileType = sourcecode.swift; path = Checkpoint.swift; sourceTree = "<group>"; };
		62B4AF03BAA576689329F6A0 /* Note.swift */ = {isa = PBXFileReference; lastKnownFileType = sourcecode.swift; path = Note.swift; sourceTree = "<group>"; };
		63C50165EBA0FB0AF8AB4E47 /* ProjectTask.swift */ = {isa = PBXFileReference; lastKnownFileType = sourcecode.swift; path = ProjectTask.swift; sourceTree = "<group>"; };
		6566B913CAC1CB94744A4B45 /* AppState.swift */ = {isa = PBXFileReference; lastKnownFileType = sourcecode.swift; path = AppState.swift; sourceTree = "<group>"; };
		65FCCB00F67B9C0976DD24B9 /* ImportService.swift */ = {isa = PBXFileReference; lastKnownFileType = sourcecode.swift; path = ImportService.swift; sourceTree = "<group>"; };
		667315A690EA2A742742EC15 /* ProjectDetailView.swift */ = {isa = PBXFileReference; lastKnownFileType = sourcecode.swift; path = ProjectDetailView.swift; sourceTree = "<group>"; };
		82E86052E3162427C8589915 /* Enums.swift */ = {isa = PBXFileReference; lastKnownFileType = sourcecode.swift; path = Enums.swift; sourceTree = "<group>"; };
		85FBCBFF52A3D3A090DA1163 /* MenuBarPopoverView.swift */ = {isa = PBXFileReference; lastKnownFileType = sourcecode.swift; path = MenuBarPopoverView.swift; sourceTree = "<group>"; };
		8AD6CCD5883650AF903F00EF /* SearchFilterTests.swift */ = {isa = PBXFileReference; lastKnownFileType = sourcecode.swift; path = SearchFilterTests.swift; sourceTree = "<group>"; };
		91B75283300A66FBEF2E2FF1 /* ProjectStageTests.swift */ = {isa = PBXFileReference; lastKnownFileType = sourcecode.swift; path = ProjectStageTests.swift; sourceTree = "<group>"; };
		A1B2C3D4E5F60011223344BB /* AppColors.swift */ = {isa = PBXFileReference; lastKnownFileType = sourcecode.swift; path = AppColors.swift; sourceTree = "<group>"; };
		A9E731AD64C56074C9977ADD /* Project.swift */ = {isa = PBXFileReference; lastKnownFileType = sourcecode.swift; path = Project.swift; sourceTree = "<group>"; };
		B0709E5045E8E31D72D0BA8E /* SettingsView.swift */ = {isa = PBXFileReference; lastKnownFileType = sourcecode.swift; path = SettingsView.swift; sourceTree = "<group>"; };
		BB3B7C2D1E4F5A6B7C8D9E0F /* ProjectTemplate.swift */ = {isa = PBXFileReference; lastKnownFileType = sourcecode.swift; path = ProjectTemplate.swift; sourceTree = "<group>"; };
		C2F67B9AE879F56CCA52FF73 /* NotesTabView.swift */ = {isa = PBXFileReference; lastKnownFileType = sourcecode.swift; path = NotesTabView.swift; sourceTree = "<group>"; };
		C460831A71EE682C70B7C21E /* ExportService.swift */ = {isa = PBXFileReference; lastKnownFileType = sourcecode.swift; path = ExportService.swift; sourceTree = "<group>"; };
		C60BB4893F497AA0E99FF0DA /* ExportModels.swift */ = {isa = PBXFileReference; lastKnownFileType = sourcecode.swift; path = ExportModels.swift; sourceTree = "<group>"; };
		C6E3A31D91687A72137F19BD /* CheckpointSeeder.swift */ = {isa = PBXFileReference; lastKnownFileType = sourcecode.swift; path = CheckpointSeeder.swift; sourceTree = "<group>"; };
		CCE2A432222F09AE7920E6C9 /* Engagement.swift */ = {isa = PBXFileReference; lastKnownFileType = sourcecode.swift; path = Engagement.swift; sourceTree = "<group>"; };
		CE8DB8B45857A236547DA7BA /* LogEngagementSheet.swift */ = {isa = PBXFileReference; lastKnownFileType = sourcecode.swift; path = LogEngagementSheet.swift; sourceTree = "<group>"; };
		D03083ABE1EEC050DC136FBB /* StagesSidebarView.swift */ = {isa = PBXFileReference; lastKnownFileType = sourcecode.swift; path = StagesSidebarView.swift; sourceTree = "<group>"; };
		D352B286BEC31D3217424D2A /* OverviewTabView.swift */ = {isa = PBXFileReference; lastKnownFileType = sourcecode.swift; path = OverviewTabView.swift; sourceTree = "<group>"; };
		D84528E1FD06653556D61542 /* TasksTabView.swift */ = {isa = PBXFileReference; lastKnownFileType = sourcecode.swift; path = TasksTabView.swift; sourceTree = "<group>"; };
		E9073123893BB594FC91AA07 /* EngagementTracker.entitlements */ = {isa = PBXFileReference; lastKnownFileType = text.plist.entitlements; path = EngagementTracker.entitlements; sourceTree = "<group>"; };
		EF34B930FBCC51AB1BC2125A /* ExportModelsTests.swift */ = {isa = PBXFileReference; lastKnownFileType = sourcecode.swift; path = ExportModelsTests.swift; sourceTree = "<group>"; };
		F2ED0540CA094AD0E4CE56E7 /* NewProjectSheet.swift */ = {isa = PBXFileReference; lastKnownFileType = sourcecode.swift; path = NewProjectSheet.swift; sourceTree = "<group>"; };
		F4C120D36321FD114B0B12D0 /* CheckpointsTabView.swift */ = {isa = PBXFileReference; lastKnownFileType = sourcecode.swift; path = CheckpointsTabView.swift; sourceTree = "<group>"; };
		F5F8CF0E178676902B3F1941 /* CheckpointSeederTests.swift */ = {isa = PBXFileReference; lastKnownFileType = sourcecode.swift; path = CheckpointSeederTests.swift; sourceTree = "<group>"; };
		F6D517FD1ECF85DF9C456686 /* ContentView.swift */ = {isa = PBXFileReference; lastKnownFileType = sourcecode.swift; path = ContentView.swift; sourceTree = "<group>"; };
		F749FEE3E002F243C7D09F6D /* Contact.swift */ = {isa = PBXFileReference; lastKnownFileType = sourcecode.swift; path = Contact.swift; sourceTree = "<group>"; };
/* End PBXFileReference section */

/* Begin PBXFrameworksBuildPhase section */
		9EF50146F8FE0C2B3587E9B4 /* Frameworks */ = {
			isa = PBXFrameworksBuildPhase;
			buildActionMask = 2147483647;
			files = (
				57D778A5F2FFD534A5F7A7D2 /* SwiftData.framework in Frameworks */,
				94ED081F2F7BB4E300B5BF11 /* MarkdownUI in Frameworks */,
			);
			runOnlyForDeploymentPostprocessing = 0;
		};
/* End PBXFrameworksBuildPhase section */

/* Begin PBXGroup section */
		08844AC11DBC30898891BBCD /* Main */ = {
			isa = PBXGroup;
			children = (
				F6D517FD1ECF85DF9C456686 /* ContentView.swift */,
				667315A690EA2A742742EC15 /* ProjectDetailView.swift */,
				12EBC0A82C1D517978A4CD02 /* ProjectListView.swift */,
				D03083ABE1EEC050DC136FBB /* StagesSidebarView.swift */,
			);
			path = Main;
			sourceTree = "<group>";
		};
		122BB3E945A5472E31CB295B /* Products */ = {
			isa = PBXGroup;
			children = (
				0081E647F2EA1FD9895D3971 /* EngagementTracker.app */,
				18704851EBEDB87C86336747 /* EngagementTrackerTests.xctest */,
			);
			name = Products;
			sourceTree = "<group>";
		};
		253FFFF1082D08C3D27E0C53 /* EngagementTrackerTests */ = {
			isa = PBXGroup;
			children = (
				F5F8CF0E178676902B3F1941 /* CheckpointSeederTests.swift */,
				EF34B930FBCC51AB1BC2125A /* ExportModelsTests.swift */,
				136DA2BAAE0BFB52F81D51AF /* ExportServiceTests.swift */,
				0A427C1837C1075C3D40FACC /* ImportServiceTests.swift */,
				91B75283300A66FBEF2E2FF1 /* ProjectStageTests.swift */,
				8AD6CCD5883650AF903F00EF /* SearchFilterTests.swift */,
			);
			path = EngagementTrackerTests;
			sourceTree = "<group>";
		};
		26DE661E4CD74CB0DFFCE639 /* App */ = {
			isa = PBXGroup;
			children = (
				6566B913CAC1CB94744A4B45 /* AppState.swift */,
				32F788AD6B2F2882F39C98AD /* EngagementTrackerApp.swift */,
			);
			path = App;
			sourceTree = "<group>";
		};
		3D039443573B0DD7DDEB98ED /* EngagementTracker */ = {
			isa = PBXGroup;
			children = (
				26DE661E4CD74CB0DFFCE639 /* App */,
				DE6DAB37A4575E93207B32A1 /* Models */,
				7F1BF21F9E8C4D4A888BBB33 /* Services */,
				4B98D037D0EEBF0A0FC66160 /* Theme */,
				6C605FA38E56D15B4436EE53 /* Views */,
				5874993E636C9E4AAB5312EC /* Assets.xcassets */,
				E9073123893BB594FC91AA07 /* EngagementTracker.entitlements */,
				4109D80A799ABFAFEF8F2AEA /* Info.plist */,
			);
			path = EngagementTracker;
			sourceTree = "<group>";
		};
		3D5AD49992A293C903758650 /* Sheets */ = {
			isa = PBXGroup;
			children = (
				0B9EF2F993C7A6C3565201CE /* AddContactSheet.swift */,
				CE8DB8B45857A236547DA7BA /* LogEngagementSheet.swift */,
				F2ED0540CA094AD0E4CE56E7 /* NewProjectSheet.swift */,
			);
			path = Sheets;
			sourceTree = "<group>";
		};
		4038EF18883F7C075B65A5E7 /* MenuBar */ = {
			isa = PBXGroup;
			children = (
				85FBCBFF52A3D3A090DA1163 /* MenuBarPopoverView.swift */,
			);
			path = MenuBar;
			sourceTree = "<group>";
		};
		492D861AD2B617DA711740AF /* Tabs */ = {
			isa = PBXGroup;
			children = (
				F4C120D36321FD114B0B12D0 /* CheckpointsTabView.swift */,
				38F55996E4B25BEA8866A4FE /* ContactsTabView.swift */,
				51116AAA7B466D42D7944FC6 /* EngagementsTabView.swift */,
				C2F67B9AE879F56CCA52FF73 /* NotesTabView.swift */,
				D352B286BEC31D3217424D2A /* OverviewTabView.swift */,
				D84528E1FD06653556D61542 /* TasksTabView.swift */,
			);
			path = Tabs;
			sourceTree = "<group>";
		};
		4B98D037D0EEBF0A0FC66160 /* Theme */ = {
			isa = PBXGroup;
			children = (
				A1B2C3D4E5F60011223344BB /* AppColors.swift */,
				15A6682652284CB2B0BF7C75 /* MarkdownTheme.swift */,
			);
			path = Theme;
			sourceTree = "<group>";
		};
		50988F6E980A399A6845A4D9 /* Settings */ = {
			isa = PBXGroup;
			children = (
				B0709E5045E8E31D72D0BA8E /* SettingsView.swift */,
			);
			path = Settings;
			sourceTree = "<group>";
		};
		6243A8DD9D526E50EF871C92 /* Frameworks */ = {
			isa = PBXGroup;
			children = (
				552059A7EDF684B9D86005BD /* SwiftData.framework */,
			);
			name = Frameworks;
			sourceTree = "<group>";
		};
		6C605FA38E56D15B4436EE53 /* Views */ = {
			isa = PBXGroup;
			children = (
				78087AA0FE892F87B59EF9F5 /* Export */,
				08844AC11DBC30898891BBCD /* Main */,
				4038EF18883F7C075B65A5E7 /* MenuBar */,
				50988F6E980A399A6845A4D9 /* Settings */,
				3D5AD49992A293C903758650 /* Sheets */,
				492D861AD2B617DA711740AF /* Tabs */,
			);
			path = Views;
			sourceTree = "<group>";
		};
		78087AA0FE892F87B59EF9F5 /* Export */ = {
			isa = PBXGroup;
			children = (
				3FA5BEB46A4653842DC7D9BA /* ExportSheet.swift */,
				4C6736F54BC490954B10E09B /* ImportSheet.swift */,
			);
			path = Export;
			sourceTree = "<group>";
		};
		7F1BF21F9E8C4D4A888BBB33 /* Services */ = {
			isa = PBXGroup;
			children = (
				C60BB4893F497AA0E99FF0DA /* ExportModels.swift */,
				C460831A71EE682C70B7C21E /* ExportService.swift */,
				65FCCB00F67B9C0976DD24B9 /* ImportService.swift */,
			);
			path = Services;
			sourceTree = "<group>";
		};
		DE6DAB37A4575E93207B32A1 /* Models */ = {
			isa = PBXGroup;
			children = (
				627193FC2257799E20E92E14 /* Checkpoint.swift */,
				C6E3A31D91687A72137F19BD /* CheckpointSeeder.swift */,
				F749FEE3E002F243C7D09F6D /* Contact.swift */,
				CCE2A432222F09AE7920E6C9 /* Engagement.swift */,
				82E86052E3162427C8589915 /* Enums.swift */,
				62B4AF03BAA576689329F6A0 /* Note.swift */,
				A9E731AD64C56074C9977ADD /* Project.swift */,
				63C50165EBA0FB0AF8AB4E47 /* ProjectTask.swift */,
				BB3B7C2D1E4F5A6B7C8D9E0F /* ProjectTemplate.swift */,
			);
			path = Models;
			sourceTree = "<group>";
		};
		F04C2FF54B843A49FE654932 = {
			isa = PBXGroup;
			children = (
				3D039443573B0DD7DDEB98ED /* EngagementTracker */,
				253FFFF1082D08C3D27E0C53 /* EngagementTrackerTests */,
				6243A8DD9D526E50EF871C92 /* Frameworks */,
				122BB3E945A5472E31CB295B /* Products */,
			);
			sourceTree = "<group>";
		};
/* End PBXGroup section */

/* Begin PBXNativeTarget section */
		38DE482C423318C98CD86BD0 /* EngagementTracker */ = {
			isa = PBXNativeTarget;
			buildConfigurationList = 04478ECC994F44130027A331 /* Build configuration list for PBXNativeTarget "EngagementTracker" */;
			buildPhases = (
				04704546E3022CB6F79E351D /* Sources */,
				A29FD0E8099BA6AFC70FB5A5 /* Resources */,
				9EF50146F8FE0C2B3587E9B4 /* Frameworks */,
			);
			buildRules = (
			);
			dependencies = (
			);
			name = EngagementTracker;
			packageProductDependencies = (
				94ED081E2F7BB4E300B5BF11 /* MarkdownUI */,
			);
			productName = EngagementTracker;
			productReference = 0081E647F2EA1FD9895D3971 /* EngagementTracker.app */;
			productType = "com.apple.product-type.application";
		};
		B763CF7FA167119945B1CF0A /* EngagementTrackerTests */ = {
			isa = PBXNativeTarget;
			buildConfigurationList = 332F69385262E94A01665AB1 /* Build configuration list for PBXNativeTarget "EngagementTrackerTests" */;
			buildPhases = (
				1E9FC71F990D3BA4CE8EB458 /* Sources */,
			);
			buildRules = (
			);
			dependencies = (
				D24B4B5C8FAEA3461FF3F8F2 /* PBXTargetDependency */,
			);
			name = EngagementTrackerTests;
			packageProductDependencies = (
			);
			productName = EngagementTrackerTests;
			productReference = 18704851EBEDB87C86336747 /* EngagementTrackerTests.xctest */;
			productType = "com.apple.product-type.bundle.unit-test";
		};
/* End PBXNativeTarget section */

/* Begin PBXProject section */
		6DF5E35D3D5DB3D76CF29AAB /* Project object */ = {
			isa = PBXProject;
			attributes = {
				BuildIndependentTargetsInParallel = YES;
				LastUpgradeCheck = 1600;
				TargetAttributes = {
					38DE482C423318C98CD86BD0 = {
						ProvisioningStyle = Automatic;
					};
				};
			};
			buildConfigurationList = 668E7FF47B2F656DFE51E2D0 /* Build configuration list for PBXProject "EngagementTracker" */;
			developmentRegion = en;
			hasScannedForEncodings = 0;
			knownRegions = (
				Base,
				en,
			);
			mainGroup = F04C2FF54B843A49FE654932;
			minimizedProjectReferenceProxies = 1;
			packageReferences = (
				94ED081D2F7BB4E300B5BF11 /* XCRemoteSwiftPackageReference "swift-markdown-ui" */,
			);
			preferredProjectObjectVersion = 77;
			productRefGroup = 122BB3E945A5472E31CB295B /* Products */;
			projectDirPath = "";
			projectRoot = "";
			targets = (
				38DE482C423318C98CD86BD0 /* EngagementTracker */,
				B763CF7FA167119945B1CF0A /* EngagementTrackerTests */,
			);
		};
/* End PBXProject section */

/* Begin PBXResourcesBuildPhase section */
		A29FD0E8099BA6AFC70FB5A5 /* Resources */ = {
			isa = PBXResourcesBuildPhase;
			buildActionMask = 2147483647;
			files = (
				3BB93D6C961ACD617B558695 /* Assets.xcassets in Resources */,
			);
			runOnlyForDeploymentPostprocessing = 0;
		};
/* End PBXResourcesBuildPhase section */

/* Begin PBXSourcesBuildPhase section */
		04704546E3022CB6F79E351D /* Sources */ = {
			isa = PBXSourcesBuildPhase;
			buildActionMask = 2147483647;
			files = (
				A64836B6A92B833A99A9B666 /* AddContactSheet.swift in Sources */,
				88DB35101CC8A902353099FE /* AppState.swift in Sources */,
				A1B2C3D4E5F60011223344AA /* AppColors.swift in Sources */,
				2AEAB3B4BFD441179AA3B2F8 /* MarkdownTheme.swift in Sources */,
				5FF40E7523D45D106CDB90F4 /* Checkpoint.swift in Sources */,
				6FDCFFF80A71F9B9574BCA85 /* CheckpointSeeder.swift in Sources */,
				12FDC86AE3BD3170229AFC17 /* CheckpointsTabView.swift in Sources */,
				AAF5CF80F9AEA5E2CB305DBD /* Contact.swift in Sources */,
				43EAC4EE73761306D1648AFB /* ContactsTabView.swift in Sources */,
				9874DCCEA7AAAF922CC2D78B /* ContentView.swift in Sources */,
				681639735E96C7F2903DD59A /* Engagement.swift in Sources */,
				5250104FC3B8AAC191D734F3 /* EngagementTrackerApp.swift in Sources */,
				86C363F02D5D5FBCC20779DF /* EngagementsTabView.swift in Sources */,
				D58FC1BBADF35C2359D0E5F9 /* Enums.swift in Sources */,
				D6D9EF30977C497BAB34FBE5 /* ExportModels.swift in Sources */,
				EE2A4CF7E2F18F2150E30F3F /* ExportService.swift in Sources */,
				C545EC183BF1BA0BA2313AC9 /* ExportSheet.swift in Sources */,
				21AD19CD97922EC2BDDBAD68 /* ImportService.swift in Sources */,
				BF1E400013C32C47A9C25AB9 /* ImportSheet.swift in Sources */,
				60835F6348A120DFEE9EB035 /* LogEngagementSheet.swift in Sources */,
				BB8207BD2D9491D4D0560C96 /* MenuBarPopoverView.swift in Sources */,
				B98B91A72C4BEA36D7BAA0B0 /* NewProjectSheet.swift in Sources */,
				94A041DCE2C87DF70AAB363C /* Note.swift in Sources */,
				B6D08BD817A4076DDD0C436E /* NotesTabView.swift in Sources */,
				1F69BB202FFD629963B03D3F /* OverviewTabView.swift in Sources */,
				8EEBDA6A623D08BA5FE535A7 /* Project.swift in Sources */,
				E19D3443C1B7DEC0D92F8DE6 /* ProjectDetailView.swift in Sources */,
				7C54EDA56C2F64CBD6CA3DC0 /* ProjectListView.swift in Sources */,
				70FA610E2294BA4A486D11C3 /* ProjectTask.swift in Sources */,
				AA3B7C2D1E4F5A6B7C8D9E0F /* ProjectTemplate.swift in Sources */,
				4CBB53D9293C22A9F36C183B /* SettingsView.swift in Sources */,
				FC9CFD95ECF54205F54B8CF8 /* StagesSidebarView.swift in Sources */,
				49FB6145297DE1323DA76A9C /* TasksTabView.swift in Sources */,
			);
			runOnlyForDeploymentPostprocessing = 0;
		};
		1E9FC71F990D3BA4CE8EB458 /* Sources */ = {
			isa = PBXSourcesBuildPhase;
			buildActionMask = 2147483647;
			files = (
				0A74FC15E5823D9AA1BF85E6 /* CheckpointSeederTests.swift in Sources */,
				7C0B9F30AF2EF01185B90166 /* ExportModelsTests.swift in Sources */,
				075DEBC3144C14E0D5D0B29F /* ExportServiceTests.swift in Sources */,
				E7AEB9451AA317BC31627B87 /* ImportServiceTests.swift in Sources */,
				0578DC6A8B6E2941236A5EAD /* ProjectStageTests.swift in Sources */,
				7B52BB4E76FFAFE1D8F557F1 /* SearchFilterTests.swift in Sources */,
			);
			runOnlyForDeploymentPostprocessing = 0;
		};
/* End PBXSourcesBuildPhase section */

/* Begin PBXTargetDependency section */
		D24B4B5C8FAEA3461FF3F8F2 /* PBXTargetDependency */ = {
			isa = PBXTargetDependency;
			target = 38DE482C423318C98CD86BD0 /* EngagementTracker */;
			targetProxy = FF7126FDE1B2B060C26A4A05 /* PBXContainerItemProxy */;
		};
/* End PBXTargetDependency section */

/* Begin XCBuildConfiguration section */
		1DBF59362FD9815D145E775F /* Debug */ = {
			isa = XCBuildConfiguration;
			buildSettings = {
				ALWAYS_SEARCH_USER_PATHS = NO;
				CLANG_ANALYZER_NONNULL = YES;
				CLANG_ANALYZER_NUMBER_OBJECT_CONVERSION = YES_AGGRESSIVE;
				CLANG_CXX_LANGUAGE_STANDARD = "gnu++14";
				CLANG_CXX_LIBRARY = "libc++";
				CLANG_ENABLE_MODULES = YES;
				CLANG_ENABLE_OBJC_ARC = YES;
				CLANG_ENABLE_OBJC_WEAK = YES;
				CLANG_WARN_BLOCK_CAPTURE_AUTORELEASING = YES;
				CLANG_WARN_BOOL_CONVERSION = YES;
				CLANG_WARN_COMMA = YES;
				CLANG_WARN_CONSTANT_CONVERSION = YES;
				CLANG_WARN_DEPRECATED_OBJC_IMPLEMENTATIONS = YES;
				CLANG_WARN_DIRECT_OBJC_ISA_USAGE = YES_ERROR;
				CLANG_WARN_DOCUMENTATION_COMMENTS = YES;
				CLANG_WARN_EMPTY_BODY = YES;
				CLANG_WARN_ENUM_CONVERSION = YES;
				CLANG_WARN_INFINITE_RECURSION = YES;
				CLANG_WARN_INT_CONVERSION = YES;
				CLANG_WARN_NON_LITERAL_NULL_CONVERSION = YES;
				CLANG_WARN_OBJC_IMPLICIT_RETAIN_SELF = YES;
				CLANG_WARN_OBJC_LITERAL_CONVERSION = YES;
				CLANG_WARN_OBJC_ROOT_CLASS = YES_ERROR;
				CLANG_WARN_QUOTED_INCLUDE_IN_FRAMEWORK_HEADER = YES;
				CLANG_WARN_RANGE_LOOP_ANALYSIS = YES;
				CLANG_WARN_STRICT_PROTOTYPES = YES;
				CLANG_WARN_SUSPICIOUS_MOVE = YES;
				CLANG_WARN_UNGUARDED_AVAILABILITY = YES_AGGRESSIVE;
				CLANG_WARN_UNREACHABLE_CODE = YES;
				CLANG_WARN__DUPLICATE_METHOD_MATCH = YES;
				COPY_PHASE_STRIP = NO;
				DEBUG_INFORMATION_FORMAT = dwarf;
				ENABLE_HARDENED_RUNTIME = YES;
				ENABLE_STRICT_OBJC_MSGSEND = YES;
				ENABLE_TESTABILITY = YES;
				GCC_C_LANGUAGE_STANDARD = gnu11;
				GCC_DYNAMIC_NO_PIC = NO;
				GCC_NO_COMMON_BLOCKS = YES;
				GCC_OPTIMIZATION_LEVEL = 0;
				GCC_PREPROCESSOR_DEFINITIONS = (
					"$(inherited)",
					"DEBUG=1",
				);
				GCC_WARN_64_TO_32_BIT_CONVERSION = YES;
				GCC_WARN_ABOUT_RETURN_TYPE = YES_ERROR;
				GCC_WARN_UNDECLARED_SELECTOR = YES;
				GCC_WARN_UNINITIALIZED_AUTOS = YES_AGGRESSIVE;
				GCC_WARN_UNUSED_FUNCTION = YES;
				GCC_WARN_UNUSED_VARIABLE = YES;
				MACOSX_DEPLOYMENT_TARGET = 14.0;
				MTL_ENABLE_DEBUG_INFO = INCLUDE_SOURCE;
				MTL_FAST_MATH = YES;
				ONLY_ACTIVE_ARCH = YES;
				PRODUCT_NAME = "$(TARGET_NAME)";
				SDKROOT = macosx;
				SWIFT_ACTIVE_COMPILATION_CONDITIONS = DEBUG;
				SWIFT_OPTIMIZATION_LEVEL = "-Onone";
				SWIFT_VERSION = 5.9;
			};
			name = Debug;
		};
		60C3070B59E0BA85A35076CB /* Release */ = {
			isa = XCBuildConfiguration;
			buildSettings = {
				ALWAYS_SEARCH_USER_PATHS = NO;
				CLANG_ANALYZER_NONNULL = YES;
				CLANG_ANALYZER_NUMBER_OBJECT_CONVERSION = YES_AGGRESSIVE;
				CLANG_CXX_LANGUAGE_STANDARD = "gnu++14";
				CLANG_CXX_LIBRARY = "libc++";
				CLANG_ENABLE_MODULES = YES;
				CLANG_ENABLE_OBJC_ARC = YES;
				CLANG_ENABLE_OBJC_WEAK = YES;
				CLANG_WARN_BLOCK_CAPTURE_AUTORELEASING = YES;
				CLANG_WARN_BOOL_CONVERSION = YES;
				CLANG_WARN_COMMA = YES;
				CLANG_WARN_CONSTANT_CONVERSION = YES;
				CLANG_WARN_DEPRECATED_OBJC_IMPLEMENTATIONS = YES;
				CLANG_WARN_DIRECT_OBJC_ISA_USAGE = YES_ERROR;
				CLANG_WARN_DOCUMENTATION_COMMENTS = YES;
				CLANG_WARN_EMPTY_BODY = YES;
				CLANG_WARN_ENUM_CONVERSION = YES;
				CLANG_WARN_INFINITE_RECURSION = YES;
				CLANG_WARN_INT_CONVERSION = YES;
				CLANG_WARN_NON_LITERAL_NULL_CONVERSION = YES;
				CLANG_WARN_OBJC_IMPLICIT_RETAIN_SELF = YES;
				CLANG_WARN_OBJC_LITERAL_CONVERSION = YES;
				CLANG_WARN_OBJC_ROOT_CLASS = YES_ERROR;
				CLANG_WARN_QUOTED_INCLUDE_IN_FRAMEWORK_HEADER = YES;
				CLANG_WARN_RANGE_LOOP_ANALYSIS = YES;
				CLANG_WARN_STRICT_PROTOTYPES = YES;
				CLANG_WARN_SUSPICIOUS_MOVE = YES;
				CLANG_WARN_UNGUARDED_AVAILABILITY = YES_AGGRESSIVE;
				CLANG_WARN_UNREACHABLE_CODE = YES;
				CLANG_WARN__DUPLICATE_METHOD_MATCH = YES;
				COPY_PHASE_STRIP = NO;
				DEBUG_INFORMATION_FORMAT = "dwarf-with-dsym";
				ENABLE_HARDENED_RUNTIME = YES;
				ENABLE_NS_ASSERTIONS = NO;
				ENABLE_STRICT_OBJC_MSGSEND = YES;
				GCC_C_LANGUAGE_STANDARD = gnu11;
				GCC_NO_COMMON_BLOCKS = YES;
				GCC_WARN_64_TO_32_BIT_CONVERSION = YES;
				GCC_WARN_ABOUT_RETURN_TYPE = YES_ERROR;
				GCC_WARN_UNDECLARED_SELECTOR = YES;
				GCC_WARN_UNINITIALIZED_AUTOS = YES_AGGRESSIVE;
				GCC_WARN_UNUSED_FUNCTION = YES;
				GCC_WARN_UNUSED_VARIABLE = YES;
				MACOSX_DEPLOYMENT_TARGET = 14.0;
				MTL_ENABLE_DEBUG_INFO = NO;
				MTL_FAST_MATH = YES;
				PRODUCT_NAME = "$(TARGET_NAME)";
				SDKROOT = macosx;
				SWIFT_COMPILATION_MODE = wholemodule;
				SWIFT_OPTIMIZATION_LEVEL = "-O";
				SWIFT_VERSION = 5.9;
			};
			name = Release;
		};
		B75A219B356DD6DBF1816367 /* Debug */ = {
			isa = XCBuildConfiguration;
			buildSettings = {
				ASSETCATALOG_COMPILER_APPICON_NAME = AppIcon;
				CODE_SIGN_ENTITLEMENTS = EngagementTracker/EngagementTracker.entitlements;
				CODE_SIGN_STYLE = Automatic;
				COMBINE_HIDPI_IMAGES = YES;
				INFOPLIST_FILE = EngagementTracker/Info.plist;
				LD_RUNPATH_SEARCH_PATHS = (
					"$(inherited)",
					"@executable_path/../Frameworks",
				);
				PRODUCT_BUNDLE_IDENTIFIER = com.greyhoundforty.EngagementTracker;
				PRODUCT_NAME = EngagementTracker;
				SDKROOT = macosx;
			};
			name = Debug;
		};
		CD1A4876EAF4C19C8EEAB468 /* Release */ = {
			isa = XCBuildConfiguration;
			buildSettings = {
				ASSETCATALOG_COMPILER_APPICON_NAME = AppIcon;
				CODE_SIGN_ENTITLEMENTS = EngagementTracker/EngagementTracker.entitlements;
				CODE_SIGN_STYLE = Automatic;
				COMBINE_HIDPI_IMAGES = YES;
				INFOPLIST_FILE = EngagementTracker/Info.plist;
				LD_RUNPATH_SEARCH_PATHS = (
					"$(inherited)",
					"@executable_path/../Frameworks",
				);
				PRODUCT_BUNDLE_IDENTIFIER = com.greyhoundforty.EngagementTracker;
				PRODUCT_NAME = EngagementTracker;
				SDKROOT = macosx;
			};
			name = Release;
		};
		DD381E9539C897A1D9E26114 /* Debug */ = {
			isa = XCBuildConfiguration;
			buildSettings = {
				BUNDLE_LOADER = "$(TEST_HOST)";
				COMBINE_HIDPI_IMAGES = YES;
				GENERATE_INFOPLIST_FILE = YES;
				LD_RUNPATH_SEARCH_PATHS = (
					"$(inherited)",
					"@executable_path/../Frameworks",
					"@loader_path/../Frameworks",
				);
				PRODUCT_BUNDLE_IDENTIFIER = com.greyhoundforty.EngagementTrackerTests;
				PRODUCT_NAME = EngagementTrackerTests;
				SDKROOT = macosx;
				TEST_HOST = "$(BUILT_PRODUCTS_DIR)/EngagementTracker.app/Contents/MacOS/EngagementTracker";
			};
			name = Debug;
		};
		EDD137F251908D1533AFAEE5 /* Release */ = {
			isa = XCBuildConfiguration;
			buildSettings = {
				BUNDLE_LOADER = "$(TEST_HOST)";
				COMBINE_HIDPI_IMAGES = YES;
				GENERATE_INFOPLIST_FILE = YES;
				LD_RUNPATH_SEARCH_PATHS = (
					"$(inherited)",
					"@executable_path/../Frameworks",
					"@loader_path/../Frameworks",
				);
				PRODUCT_BUNDLE_IDENTIFIER = com.greyhoundforty.EngagementTrackerTests;
				PRODUCT_NAME = EngagementTrackerTests;
				SDKROOT = macosx;
				TEST_HOST = "$(BUILT_PRODUCTS_DIR)/EngagementTracker.app/Contents/MacOS/EngagementTracker";
			};
			name = Release;
		};
/* End XCBuildConfiguration section */

/* Begin XCConfigurationList section */
		04478ECC994F44130027A331 /* Build configuration list for PBXNativeTarget "EngagementTracker" */ = {
			isa = XCConfigurationList;
			buildConfigurations = (
				B75A219B356DD6DBF1816367 /* Debug */,
				CD1A4876EAF4C19C8EEAB468 /* Release */,
			);
			defaultConfigurationIsVisible = 0;
			defaultConfigurationName = Debug;
		};
		332F69385262E94A01665AB1 /* Build configuration list for PBXNativeTarget "EngagementTrackerTests" */ = {
			isa = XCConfigurationList;
			buildConfigurations = (
				DD381E9539C897A1D9E26114 /* Debug */,
				EDD137F251908D1533AFAEE5 /* Release */,
			);
			defaultConfigurationIsVisible = 0;
			defaultConfigurationName = Debug;
		};
		668E7FF47B2F656DFE51E2D0 /* Build configuration list for PBXProject "EngagementTracker" */ = {
			isa = XCConfigurationList;
			buildConfigurations = (
				1DBF59362FD9815D145E775F /* Debug */,
				60C3070B59E0BA85A35076CB /* Release */,
			);
			defaultConfigurationIsVisible = 0;
			defaultConfigurationName = Debug;
		};
/* End XCConfigurationList section */

/* Begin XCRemoteSwiftPackageReference section */
		94ED081D2F7BB4E300B5BF11 /* XCRemoteSwiftPackageReference "swift-markdown-ui" */ = {
			isa = XCRemoteSwiftPackageReference;
			repositoryURL = "https://github.com/gonzalezreal/swift-markdown-ui";
			requirement = {
				kind = upToNextMajorVersion;
				minimumVersion = 2.4.1;
			};
		};
/* End XCRemoteSwiftPackageReference section */

/* Begin XCSwiftPackageProductDependency section */
		94ED081E2F7BB4E300B5BF11 /* MarkdownUI */ = {
			isa = XCSwiftPackageProductDependency;
			package = 94ED081D2F7BB4E300B5BF11 /* XCRemoteSwiftPackageReference "swift-markdown-ui" */;
			productName = MarkdownUI;
		};
/* End XCSwiftPackageProductDependency section */
	};
	rootObject = 6DF5E35D3D5DB3D76CF29AAB /* Project object */;
}
