// !$*UTF8*$!
{
	archiveVersion = 1;
	classes = {
	};
	objectVersion = 77;
	objects = {

/* Begin PBXBuildFile section */
		01877A09342106ED34F28834 /* AppState.swift in Sources */ = {isa = PBXBuildFile; fileRef = D61A61010D282345318B8575 /* AppState.swift */; };
		058F86F7AC113FA2C5457FE8 /* ProjectDetailView.swift in Sources */ = {isa = PBXBuildFile; fileRef = CD2AB22C5EDC755E5900E852 /* ProjectDetailView.swift */; };
		0973EA54E86BE94F44DF1555 /* Contact.swift in Sources */ = {isa = PBXBuildFile; fileRef = 700309FA4A50D942D3FACCA1 /* Contact.swift */; };
		0D628ABB8A38E492DD5DF109 /* ImportSheet.swift in Sources */ = {isa = PBXBuildFile; fileRef = B0B84175BABBFAE08FAC3234 /* ImportSheet.swift */; };
		18815C8DE80C4D6E60D445DF /* MenuBarPopoverView.swift in Sources */ = {isa = PBXBuildFile; fileRef = DFB07E5C58865B14412FB7BB /* MenuBarPopoverView.swift */; };
		1D25C0F0FB8C945482CA70D9 /* ProjectTemplate.swift in Sources */ = {isa = PBXBuildFile; fileRef = 857EA4C475CF13BDC9B064BD /* ProjectTemplate.swift */; };
		1EB249A23CCD3672FFB906E6 /* ProjectCustomField.swift in Sources */ = {isa = PBXBuildFile; fileRef = 7E83DAB93A1F61577AFEC5AA /* ProjectCustomField.swift */; };
		23E24F6C2C4A9F466D77566E /* TemplatePickerView.swift in Sources */ = {isa = PBXBuildFile; fileRef = 23AC551A693605A9C973EAD3 /* TemplatePickerView.swift */; };
		2447C958C18B1D75E72616B6 /* ContactsTabView.swift in Sources */ = {isa = PBXBuildFile; fileRef = 3CD6FE6A679A6B05F37C6E51 /* ContactsTabView.swift */; };
		269C6C9134F315B7950565B3 /* LogEngagementSheet.swift in Sources */ = {isa = PBXBuildFile; fileRef = E4E151B361F6E14D906322F2 /* LogEngagementSheet.swift */; };
		271B36AEFA0DDD427795C8F5 /* NewProjectSheet.swift in Sources */ = {isa = PBXBuildFile; fileRef = 08DF2AEE30E3C7BE50C4D8EB /* NewProjectSheet.swift */; };
		2E568211E918A6F0386E81F0 /* Project.swift in Sources */ = {isa = PBXBuildFile; fileRef = 75BF4731F6FBEB5DB8C06E07 /* Project.swift */; };
		32AE3D78D39E875CA3E492D1 /* ImportServiceTests.swift in Sources */ = {isa = PBXBuildFile; fileRef = 9738B3EE481DD111D742721B /* ImportServiceTests.swift */; };
		3869A37FEF21FD3162D3A317 /* BundledTemplates in Resources */ = {isa = PBXBuildFile; fileRef = FD2DFAB50168479AB7B4F198 /* BundledTemplates */; };
		4251710703919351644D2D4D /* MarkdownUI in Frameworks */ = {isa = PBXBuildFile; productRef = DE1F31DE0BF9F8ABD1122E66 /* MarkdownUI */; };
		4E10030BA6E966A4D5D5A63D /* ExportServiceTests.swift in Sources */ = {isa = PBXBuildFile; fileRef = D797F81F256DD9F848019388 /* ExportServiceTests.swift */; };
		4F0A887F73E10C811A6C4C48 /* QuickCaptureTests.swift in Sources */ = {isa = PBXBuildFile; fileRef = E45EC54D77707AFD118610CA /* QuickCaptureTests.swift */; };
		50D5C7F20DB3C4D93109E4DF /* ExportSheet.swift in Sources */ = {isa = PBXBuildFile; fileRef = 9C5E31B230ED8B2D15FA5002 /* ExportSheet.swift */; };
		5196CF8F6F1E98097C0F8619 /* CheckpointSeeder.swift in Sources */ = {isa = PBXBuildFile; fileRef = 85320A2666BE54F54CA87964 /* CheckpointSeeder.swift */; };
		59AE63601E88DC9D6A4BDF09 /* TasksTabView.swift in Sources */ = {isa = PBXBuildFile; fileRef = C48441493E15036124A33115 /* TasksTabView.swift */; };
		5E8C6DDC63617D1126D54597 /* ExportModels.swift in Sources */ = {isa = PBXBuildFile; fileRef = 3A08605AA8AA545E18628583 /* ExportModels.swift */; };
		65DB8410A1E5BD802C6F9CBF /* CheckpointSeederTests.swift in Sources */ = {isa = PBXBuildFile; fileRef = 8730F9B9D514F3CE9BBFEBDA /* CheckpointSeederTests.swift */; };
		6BB849098F1F07B0EE465081 /* EngagementsTabView.swift in Sources */ = {isa = PBXBuildFile; fileRef = 6C460EAF92B6A4C3E6475305 /* EngagementsTabView.swift */; };
		6D0CF66F2136C762B5F5C5AB /* CheckpointsTabView.swift in Sources */ = {isa = PBXBuildFile; fileRef = C375B30DA67EAD4CB91E1581 /* CheckpointsTabView.swift */; };
		7A5ED3119ED84D03590FE721 /* Engagement.swift in Sources */ = {isa = PBXBuildFile; fileRef = 82534F00A1CBC465876FB300 /* Engagement.swift */; };
		7B852725462114BE2B7F0E84 /* Note.swift in Sources */ = {isa = PBXBuildFile; fileRef = 7677F5897E5AB70DDFEB8297 /* Note.swift */; };
		8149DF13E2F53D0D21AAF3E4 /* QuickCaptureView.swift in Sources */ = {isa = PBXBuildFile; fileRef = E1BDA1DB118DC0AC50DBDC42 /* QuickCaptureView.swift */; };
		8F27FE05A97562EC2827003B /* StagesSidebarView.swift in Sources */ = {isa = PBXBuildFile; fileRef = 776AB8C9FA6B248C195CF6B3 /* StagesSidebarView.swift */; };
		8FE951BD175BD895D3B841E6 /* ProjectTask.swift in Sources */ = {isa = PBXBuildFile; fileRef = E9A03C4E2C1AEE259CAF5323 /* ProjectTask.swift */; };
		9CFB4FF3D3F36589D3F76088 /* Enums.swift in Sources */ = {isa = PBXBuildFile; fileRef = 84895A5B2A35EFCE4C28D0A9 /* Enums.swift */; };
		A99A8445551D5A83A6436E6B /* MarkdownTheme.swift in Sources */ = {isa = PBXBuildFile; fileRef = DE4C0B26C03C32D6AC179D0F /* MarkdownTheme.swift */; };
		AD353BD1A4DE85B62C48FD3C /* AddContactSheet.swift in Sources */ = {isa = PBXBuildFile; fileRef = 7814EA9547F43526F136A69E /* AddContactSheet.swift */; };
		B2AE174E23B8B804F6E63785 /* ImportService.swift in Sources */ = {isa = PBXBuildFile; fileRef = 5B017E6C3DB3F2D5A501A6B8 /* ImportService.swift */; };
		BC0B23840BFB5E64D2CDF6C7 /* ProjectStageTests.swift in Sources */ = {isa = PBXBuildFile; fileRef = 365C65F49BF4FAE1827875AB /* ProjectStageTests.swift */; };
		C104BCEE4961B29CB011752E /* NotesTabView.swift in Sources */ = {isa = PBXBuildFile; fileRef = 16F5C778B65DEDB531EDB7DE /* NotesTabView.swift */; };
		C28EC677DF6789DD41A054F4 /* SwiftData.framework in Frameworks */ = {isa = PBXBuildFile; fileRef = FBCD5B0A080F34699A84E96D /* SwiftData.framework */; };
		C7F45E9B0E8E5E7F786B9232 /* ProjectCustomFieldTests.swift in Sources */ = {isa = PBXBuildFile; fileRef = DFC12A3D9F895952B9F625F7 /* ProjectCustomFieldTests.swift */; };
		D2763F3E2E27E1E4A1BFEEDD /* SearchFilterTests.swift in Sources */ = {isa = PBXBuildFile; fileRef = 125CC862DE70B9254A676D1D /* SearchFilterTests.swift */; };
		D2F5449B6212A4848C164224 /* BundledTemplatesTests.swift in Sources */ = {isa = PBXBuildFile; fileRef = EC8C2170DE29DEE6649D5961 /* BundledTemplatesTests.swift */; };
		D7A2341D30A953A3E5FE2F16 /* ContentView.swift in Sources */ = {isa = PBXBuildFile; fileRef = AA53F958F3267A092A4811B2 /* ContentView.swift */; };
		DA3C5EE527DB18A04D288EAD /* ProjectListView.swift in Sources */ = {isa = PBXBuildFile; fileRef = FA3FD935481D3601A56866A4 /* ProjectListView.swift */; };
		DD87FC9045E2960D9D9A4EB5 /* Assets.xcassets in Resources */ = {isa = PBXBuildFile; fileRef = 9787A26550296A46AE7BA037 /* Assets.xcassets */; };
		E4440530C6D3D87AA023D1D3 /* AppColors.swift in Sources */ = {isa = PBXBuildFile; fileRef = D9A15275B5AD57158BB00AA4 /* AppColors.swift */; };
		ED66F6670F347909356D1628 /* ExportModelsTests.swift in Sources */ = {isa = PBXBuildFile; fileRef = 0F788095A1CECBA33BDA9839 /* ExportModelsTests.swift */; };
		F1E13D96671F4FD6E33E9751 /* Checkpoint.swift in Sources */ = {isa = PBXBuildFile; fileRef = 70A10FBD02D5A78C79FC0B77 /* Checkpoint.swift */; };
		F2CD83A45244BB5FBF2E973A /* OverviewTabView.swift in Sources */ = {isa = PBXBuildFile; fileRef = 729D283204EAC4E6098ECAD2 /* OverviewTabView.swift */; };
		F442411094D84F299EEA199E /* EngagementTrackerApp.swift in Sources */ = {isa = PBXBuildFile; fileRef = 9A46CA482AE9DA47E6841F73 /* EngagementTrackerApp.swift */; };
		F6A6045ED4E2FC9938D8D68E /* SettingsView.swift in Sources */ = {isa = PBXBuildFile; fileRef = 15BF56409884AAEE02B93CCC /* SettingsView.swift */; };
		F8F501534417F54528665B80 /* ExportService.swift in Sources */ = {isa = PBXBuildFile; fileRef = 2B5ECE25B8B62321A1031749 /* ExportService.swift */; };
/* End PBXBuildFile section */

/* Begin PBXContainerItemProxy section */
		2A0865BFA0F7F258A4A0FF81 /* PBXContainerItemProxy */ = {
			isa = PBXContainerItemProxy;
			containerPortal = 2A9237584F54742B5ADB8740 /* Project object */;
			proxyType = 1;
			remoteGlobalIDString = 7611AC8940127D854088D555;
			remoteInfo = Manifest;
		};
/* End PBXContainerItemProxy section */

/* Begin PBXFileReference section */
		08DF2AEE30E3C7BE50C4D8EB /* NewProjectSheet.swift */ = {isa = PBXFileReference; lastKnownFileType = sourcecode.swift; path = NewProjectSheet.swift; sourceTree = "<group>"; };
		0D70805EC7BFA846C4A96F7B /* Info.plist */ = {isa = PBXFileReference; lastKnownFileType = text.plist; path = Info.plist; sourceTree = "<group>"; };
		0F788095A1CECBA33BDA9839 /* ExportModelsTests.swift */ = {isa = PBXFileReference; lastKnownFileType = sourcecode.swift; path = ExportModelsTests.swift; sourceTree = "<group>"; };
		125CC862DE70B9254A676D1D /* SearchFilterTests.swift */ = {isa = PBXFileReference; lastKnownFileType = sourcecode.swift; path = SearchFilterTests.swift; sourceTree = "<group>"; };
		15BF56409884AAEE02B93CCC /* SettingsView.swift */ = {isa = PBXFileReference; lastKnownFileType = sourcecode.swift; path = SettingsView.swift; sourceTree = "<group>"; };
		16F5C778B65DEDB531EDB7DE /* NotesTabView.swift */ = {isa = PBXFileReference; lastKnownFileType = sourcecode.swift; path = NotesTabView.swift; sourceTree = "<group>"; };
		23AC551A693605A9C973EAD3 /* TemplatePickerView.swift */ = {isa = PBXFileReference; lastKnownFileType = sourcecode.swift; path = TemplatePickerView.swift; sourceTree = "<group>"; };
		2B5ECE25B8B62321A1031749 /* ExportService.swift */ = {isa = PBXFileReference; lastKnownFileType = sourcecode.swift; path = ExportService.swift; sourceTree = "<group>"; };
		365C65F49BF4FAE1827875AB /* ProjectStageTests.swift */ = {isa = PBXFileReference; lastKnownFileType = sourcecode.swift; path = ProjectStageTests.swift; sourceTree = "<group>"; };
		3A08605AA8AA545E18628583 /* ExportModels.swift */ = {isa = PBXFileReference; lastKnownFileType = sourcecode.swift; path = ExportModels.swift; sourceTree = "<group>"; };
		3CD6FE6A679A6B05F37C6E51 /* ContactsTabView.swift */ = {isa = PBXFileReference; lastKnownFileType = sourcecode.swift; path = ContactsTabView.swift; sourceTree = "<group>"; };
		5B017E6C3DB3F2D5A501A6B8 /* ImportService.swift */ = {isa = PBXFileReference; lastKnownFileType = sourcecode.swift; path = ImportService.swift; sourceTree = "<group>"; };
		6C460EAF92B6A4C3E6475305 /* EngagementsTabView.swift */ = {isa = PBXFileReference; lastKnownFileType = sourcecode.swift; path = EngagementsTabView.swift; sourceTree = "<group>"; };
		700309FA4A50D942D3FACCA1 /* Contact.swift */ = {isa = PBXFileReference; lastKnownFileType = sourcecode.swift; path = Contact.swift; sourceTree = "<group>"; };
		70A10FBD02D5A78C79FC0B77 /* Checkpoint.swift */ = {isa = PBXFileReference; lastKnownFileType = sourcecode.swift; path = Checkpoint.swift; sourceTree = "<group>"; };
		729D283204EAC4E6098ECAD2 /* OverviewTabView.swift */ = {isa = PBXFileReference; lastKnownFileType = sourcecode.swift; path = OverviewTabView.swift; sourceTree = "<group>"; };
		75BF4731F6FBEB5DB8C06E07 /* Project.swift */ = {isa = PBXFileReference; lastKnownFileType = sourcecode.swift; path = Project.swift; sourceTree = "<group>"; };
		7677F5897E5AB70DDFEB8297 /* Note.swift */ = {isa = PBXFileReference; lastKnownFileType = sourcecode.swift; path = Note.swift; sourceTree = "<group>"; };
		776AB8C9FA6B248C195CF6B3 /* StagesSidebarView.swift */ = {isa = PBXFileReference; lastKnownFileType = sourcecode.swift; path = StagesSidebarView.swift; sourceTree = "<group>"; };
		7814EA9547F43526F136A69E /* AddContactSheet.swift */ = {isa = PBXFileReference; lastKnownFileType = sourcecode.swift; path = AddContactSheet.swift; sourceTree = "<group>"; };
		7E83DAB93A1F61577AFEC5AA /* ProjectCustomField.swift */ = {isa = PBXFileReference; lastKnownFileType = sourcecode.swift; path = ProjectCustomField.swift; sourceTree = "<group>"; };
		82534F00A1CBC465876FB300 /* Engagement.swift */ = {isa = PBXFileReference; lastKnownFileType = sourcecode.swift; path = Engagement.swift; sourceTree = "<group>"; };
		84895A5B2A35EFCE4C28D0A9 /* Enums.swift */ = {isa = PBXFileReference; lastKnownFileType = sourcecode.swift; path = Enums.swift; sourceTree = "<group>"; };
		84F455E8D50EE84EC9478B9A /* Manifest.entitlements */ = {isa = PBXFileReference; lastKnownFileType = text.plist.entitlements; path = Manifest.entitlements; sourceTree = "<group>"; };
		85320A2666BE54F54CA87964 /* CheckpointSeeder.swift */ = {isa = PBXFileReference; lastKnownFileType = sourcecode.swift; path = CheckpointSeeder.swift; sourceTree = "<group>"; };
		857EA4C475CF13BDC9B064BD /* ProjectTemplate.swift */ = {isa = PBXFileReference; lastKnownFileType = sourcecode.swift; path = ProjectTemplate.swift; sourceTree = "<group>"; };
		8730F9B9D514F3CE9BBFEBDA /* CheckpointSeederTests.swift */ = {isa = PBXFileReference; lastKnownFileType = sourcecode.swift; path = CheckpointSeederTests.swift; sourceTree = "<group>"; };
		9738B3EE481DD111D742721B /* ImportServiceTests.swift */ = {isa = PBXFileReference; lastKnownFileType = sourcecode.swift; path = ImportServiceTests.swift; sourceTree = "<group>"; };
		9787A26550296A46AE7BA037 /* Assets.xcassets */ = {isa = PBXFileReference; lastKnownFileType = folder.assetcatalog; path = Assets.xcassets; sourceTree = "<group>"; };
		9A46CA482AE9DA47E6841F73 /* EngagementTrackerApp.swift */ = {isa = PBXFileReference; lastKnownFileType = sourcecode.swift; path = EngagementTrackerApp.swift; sourceTree = "<group>"; };
		9C5E31B230ED8B2D15FA5002 /* ExportSheet.swift */ = {isa = PBXFileReference; lastKnownFileType = sourcecode.swift; path = ExportSheet.swift; sourceTree = "<group>"; };
		AA53F958F3267A092A4811B2 /* ContentView.swift */ = {isa = PBXFileReference; lastKnownFileType = sourcecode.swift; path = ContentView.swift; sourceTree = "<group>"; };
		B0B84175BABBFAE08FAC3234 /* ImportSheet.swift */ = {isa = PBXFileReference; lastKnownFileType = sourcecode.swift; path = ImportSheet.swift; sourceTree = "<group>"; };
		C375B30DA67EAD4CB91E1581 /* CheckpointsTabView.swift */ = {isa = PBXFileReference; lastKnownFileType = sourcecode.swift; path = CheckpointsTabView.swift; sourceTree = "<group>"; };
		C48441493E15036124A33115 /* TasksTabView.swift */ = {isa = PBXFileReference; lastKnownFileType = sourcecode.swift; path = TasksTabView.swift; sourceTree = "<group>"; };
		CD2AB22C5EDC755E5900E852 /* ProjectDetailView.swift */ = {isa = PBXFileReference; lastKnownFileType = sourcecode.swift; path = ProjectDetailView.swift; sourceTree = "<group>"; };
		D61A61010D282345318B8575 /* AppState.swift */ = {isa = PBXFileReference; lastKnownFileType = sourcecode.swift; path = AppState.swift; sourceTree = "<group>"; };
		D797F81F256DD9F848019388 /* ExportServiceTests.swift */ = {isa = PBXFileReference; lastKnownFileType = sourcecode.swift; path = ExportServiceTests.swift; sourceTree = "<group>"; };
		D9A15275B5AD57158BB00AA4 /* AppColors.swift */ = {isa = PBXFileReference; lastKnownFileType = sourcecode.swift; path = AppColors.swift; sourceTree = "<group>"; };
		DC332CC41617C71FECD0D824 /* Manifest.app */ = {isa = PBXFileReference; explicitFileType = wrapper.application; includeInIndex = 0; path = Manifest.app; sourceTree = BUILT_PRODUCTS_DIR; };
		DE4C0B26C03C32D6AC179D0F /* MarkdownTheme.swift */ = {isa = PBXFileReference; lastKnownFileType = sourcecode.swift; path = MarkdownTheme.swift; sourceTree = "<group>"; };
		DFB07E5C58865B14412FB7BB /* MenuBarPopoverView.swift */ = {isa = PBXFileReference; lastKnownFileType = sourcecode.swift; path = MenuBarPopoverView.swift; sourceTree = "<group>"; };
		DFC12A3D9F895952B9F625F7 /* ProjectCustomFieldTests.swift */ = {isa = PBXFileReference; lastKnownFileType = sourcecode.swift; path = ProjectCustomFieldTests.swift; sourceTree = "<group>"; };
		E1BDA1DB118DC0AC50DBDC42 /* QuickCaptureView.swift */ = {isa = PBXFileReference; lastKnownFileType = sourcecode.swift; path = QuickCaptureView.swift; sourceTree = "<group>"; };
		E45EC54D77707AFD118610CA /* QuickCaptureTests.swift */ = {isa = PBXFileReference; lastKnownFileType = sourcecode.swift; path = QuickCaptureTests.swift; sourceTree = "<group>"; };
		E4E151B361F6E14D906322F2 /* LogEngagementSheet.swift */ = {isa = PBXFileReference; lastKnownFileType = sourcecode.swift; path = LogEngagementSheet.swift; sourceTree = "<group>"; };
		E9A03C4E2C1AEE259CAF5323 /* ProjectTask.swift */ = {isa = PBXFileReference; lastKnownFileType = sourcecode.swift; path = ProjectTask.swift; sourceTree = "<group>"; };
		EC8C2170DE29DEE6649D5961 /* BundledTemplatesTests.swift */ = {isa = PBXFileReference; lastKnownFileType = sourcecode.swift; path = BundledTemplatesTests.swift; sourceTree = "<group>"; };
		F4209F5CD8BC1F1DD3FFA901 /* ManifestTests.xctest */ = {isa = PBXFileReference; explicitFileType = wrapper.cfbundle; includeInIndex = 0; path = ManifestTests.xctest; sourceTree = BUILT_PRODUCTS_DIR; };
		FA3FD935481D3601A56866A4 /* ProjectListView.swift */ = {isa = PBXFileReference; lastKnownFileType = sourcecode.swift; path = ProjectListView.swift; sourceTree = "<group>"; };
		FBCD5B0A080F34699A84E96D /* SwiftData.framework */ = {isa = PBXFileReference; lastKnownFileType = wrapper.framework; name = SwiftData.framework; path = System/Library/Frameworks/SwiftData.framework; sourceTree = SDKROOT; };
		FD2DFAB50168479AB7B4F198 /* BundledTemplates */ = {isa = PBXFileReference; lastKnownFileType = folder; name = BundledTemplates; path = Manifest/BundledTemplates; sourceTree = SOURCE_ROOT; };
/* End PBXFileReference section */

/* Begin PBXFrameworksBuildPhase section */
		6CDC007A66EBE77DB92D160C /* Frameworks */ = {
			isa = PBXFrameworksBuildPhase;
			buildActionMask = 2147483647;
			files = (
				C28EC677DF6789DD41A054F4 /* SwiftData.framework in Frameworks */,
				4251710703919351644D2D4D /* MarkdownUI in Frameworks */,
			);
			runOnlyForDeploymentPostprocessing = 0;
		};
/* End PBXFrameworksBuildPhase section */

/* Begin PBXGroup section */
		02E609A18F95E532E1B93487 /* App */ = {
			isa = PBXGroup;
			children = (
				D61A61010D282345318B8575 /* AppState.swift */,
				9A46CA482AE9DA47E6841F73 /* EngagementTrackerApp.swift */,
			);
			path = App;
			sourceTree = "<group>";
		};
		0CF799094EB7D2DBEF5D2351 /* Settings */ = {
			isa = PBXGroup;
			children = (
				15BF56409884AAEE02B93CCC /* SettingsView.swift */,
			);
			path = Settings;
			sourceTree = "<group>";
		};
		13120137DBC875714D0A6180 /* MenuBar */ = {
			isa = PBXGroup;
			children = (
				DFB07E5C58865B14412FB7BB /* MenuBarPopoverView.swift */,
				E1BDA1DB118DC0AC50DBDC42 /* QuickCaptureView.swift */,
			);
			path = MenuBar;
			sourceTree = "<group>";
		};
		1360606D7E93E57E9949CBD5 /* Products */ = {
			isa = PBXGroup;
			children = (
				DC332CC41617C71FECD0D824 /* Manifest.app */,
				F4209F5CD8BC1F1DD3FFA901 /* ManifestTests.xctest */,
			);
			name = Products;
			sourceTree = "<group>";
		};
		1C852D89900F2B66C01BE7F9 /* Tabs */ = {
			isa = PBXGroup;
			children = (
				C375B30DA67EAD4CB91E1581 /* CheckpointsTabView.swift */,
				3CD6FE6A679A6B05F37C6E51 /* ContactsTabView.swift */,
				6C460EAF92B6A4C3E6475305 /* EngagementsTabView.swift */,
				16F5C778B65DEDB531EDB7DE /* NotesTabView.swift */,
				729D283204EAC4E6098ECAD2 /* OverviewTabView.swift */,
				C48441493E15036124A33115 /* TasksTabView.swift */,
			);
			path = Tabs;
			sourceTree = "<group>";
		};
		275BB5962ED15B39C79872A9 /* ManifestTests */ = {
			isa = PBXGroup;
			children = (
				EC8C2170DE29DEE6649D5961 /* BundledTemplatesTests.swift */,
				8730F9B9D514F3CE9BBFEBDA /* CheckpointSeederTests.swift */,
				0F788095A1CECBA33BDA9839 /* ExportModelsTests.swift */,
				D797F81F256DD9F848019388 /* ExportServiceTests.swift */,
				9738B3EE481DD111D742721B /* ImportServiceTests.swift */,
				DFC12A3D9F895952B9F625F7 /* ProjectCustomFieldTests.swift */,
				365C65F49BF4FAE1827875AB /* ProjectStageTests.swift */,
				E45EC54D77707AFD118610CA /* QuickCaptureTests.swift */,
				125CC862DE70B9254A676D1D /* SearchFilterTests.swift */,
			);
			path = ManifestTests;
			sourceTree = "<group>";
		};
		59102C1248FC702180869B10 /* Main */ = {
			isa = PBXGroup;
			children = (
				AA53F958F3267A092A4811B2 /* ContentView.swift */,
				CD2AB22C5EDC755E5900E852 /* ProjectDetailView.swift */,
				FA3FD935481D3601A56866A4 /* ProjectListView.swift */,
				776AB8C9FA6B248C195CF6B3 /* StagesSidebarView.swift */,
			);
			path = Main;
			sourceTree = "<group>";
		};
		5A1CACD20E553A436B7DFD2B = {
			isa = PBXGroup;
			children = (
				AFDDE7BF7327116F2C65E542 /* Manifest */,
				275BB5962ED15B39C79872A9 /* ManifestTests */,
				E09AE8B630B1F8233244EB44 /* Frameworks */,
				1360606D7E93E57E9949CBD5 /* Products */,
			);
			sourceTree = "<group>";
		};
		8C3455C352F439236EC542B1 /* Export */ = {
			isa = PBXGroup;
			children = (
				9C5E31B230ED8B2D15FA5002 /* ExportSheet.swift */,
				B0B84175BABBFAE08FAC3234 /* ImportSheet.swift */,
			);
			path = Export;
			sourceTree = "<group>";
		};
		AFDDE7BF7327116F2C65E542 /* Manifest */ = {
			isa = PBXGroup;
			children = (
				02E609A18F95E532E1B93487 /* App */,
				D2C0B5526306D96659D22F62 /* Models */,
				B4567AED67C1F3F0A37FF917 /* Services */,
				C716CCD744B03D5334951362 /* Theme */,
				BA0806CD52ECEDA55F664FE7 /* Views */,
				9787A26550296A46AE7BA037 /* Assets.xcassets */,
				FD2DFAB50168479AB7B4F198 /* BundledTemplates */,
				0D70805EC7BFA846C4A96F7B /* Info.plist */,
				84F455E8D50EE84EC9478B9A /* Manifest.entitlements */,
			);
			path = Manifest;
			sourceTree = "<group>";
		};
		B4567AED67C1F3F0A37FF917 /* Services */ = {
			isa = PBXGroup;
			children = (
				3A08605AA8AA545E18628583 /* ExportModels.swift */,
				2B5ECE25B8B62321A1031749 /* ExportService.swift */,
				5B017E6C3DB3F2D5A501A6B8 /* ImportService.swift */,
			);
			path = Services;
			sourceTree = "<group>";
		};
		BA0806CD52ECEDA55F664FE7 /* Views */ = {
			isa = PBXGroup;
			children = (
				8C3455C352F439236EC542B1 /* Export */,
				59102C1248FC702180869B10 /* Main */,
				13120137DBC875714D0A6180 /* MenuBar */,
				0CF799094EB7D2DBEF5D2351 /* Settings */,
				F58F36BBC8155469970CD68C /* Sheets */,
				1C852D89900F2B66C01BE7F9 /* Tabs */,
			);
			path = Views;
			sourceTree = "<group>";
		};
		C716CCD744B03D5334951362 /* Theme */ = {
			isa = PBXGroup;
			children = (
				D9A15275B5AD57158BB00AA4 /* AppColors.swift */,
				DE4C0B26C03C32D6AC179D0F /* MarkdownTheme.swift */,
			);
			path = Theme;
			sourceTree = "<group>";
		};
		D2C0B5526306D96659D22F62 /* Models */ = {
			isa = PBXGroup;
			children = (
				70A10FBD02D5A78C79FC0B77 /* Checkpoint.swift */,
				85320A2666BE54F54CA87964 /* CheckpointSeeder.swift */,
				700309FA4A50D942D3FACCA1 /* Contact.swift */,
				82534F00A1CBC465876FB300 /* Engagement.swift */,
				84895A5B2A35EFCE4C28D0A9 /* Enums.swift */,
				7677F5897E5AB70DDFEB8297 /* Note.swift */,
				75BF4731F6FBEB5DB8C06E07 /* Project.swift */,
				7E83DAB93A1F61577AFEC5AA /* ProjectCustomField.swift */,
				E9A03C4E2C1AEE259CAF5323 /* ProjectTask.swift */,
				857EA4C475CF13BDC9B064BD /* ProjectTemplate.swift */,
			);
			path = Models;
			sourceTree = "<group>";
		};
		E09AE8B630B1F8233244EB44 /* Frameworks */ = {
			isa = PBXGroup;
			children = (
				FBCD5B0A080F34699A84E96D /* SwiftData.framework */,
			);
			name = Frameworks;
			sourceTree = "<group>";
		};
		F58F36BBC8155469970CD68C /* Sheets */ = {
			isa = PBXGroup;
			children = (
				7814EA9547F43526F136A69E /* AddContactSheet.swift */,
				E4E151B361F6E14D906322F2 /* LogEngagementSheet.swift */,
				08DF2AEE30E3C7BE50C4D8EB /* NewProjectSheet.swift */,
				23AC551A693605A9C973EAD3 /* TemplatePickerView.swift */,
			);
			path = Sheets;
			sourceTree = "<group>";
		};
/* End PBXGroup section */

/* Begin PBXNativeTarget section */
		7611AC8940127D854088D555 /* Manifest */ = {
			isa = PBXNativeTarget;
			buildConfigurationList = F9E54FE6A69E4B155DD859DB /* Build configuration list for PBXNativeTarget "Manifest" */;
			buildPhases = (
				319A7590D223EFFA3F6F7DA5 /* Sources */,
				17405F8550E60A10C2151C48 /* Resources */,
				6CDC007A66EBE77DB92D160C /* Frameworks */,
			);
			buildRules = (
			);
			dependencies = (
			);
			name = Manifest;
			packageProductDependencies = (
				DE1F31DE0BF9F8ABD1122E66 /* MarkdownUI */,
			);
			productName = Manifest;
			productReference = DC332CC41617C71FECD0D824 /* Manifest.app */;
			productType = "com.apple.product-type.application";
		};
		B809B603FC687E2351B4A7BD /* ManifestTests */ = {
			isa = PBXNativeTarget;
			buildConfigurationList = 6D94B856F649808982EE5480 /* Build configuration list for PBXNativeTarget "ManifestTests" */;
			buildPhases = (
				CB80448E5B962067A6E68288 /* Sources */,
			);
			buildRules = (
			);
			dependencies = (
				1313A8DA64B87D9F29C9D1C0 /* PBXTargetDependency */,
			);
			name = ManifestTests;
			packageProductDependencies = (
			);
			productName = ManifestTests;
			productReference = F4209F5CD8BC1F1DD3FFA901 /* ManifestTests.xctest */;
			productType = "com.apple.product-type.bundle.unit-test";
		};
/* End PBXNativeTarget section */

/* Begin PBXProject section */
		2A9237584F54742B5ADB8740 /* Project object */ = {
			isa = PBXProject;
			attributes = {
				BuildIndependentTargetsInParallel = YES;
				LastUpgradeCheck = 1600;
				TargetAttributes = {
					7611AC8940127D854088D555 = {
						DevelopmentTeam = S6AT3QA6PJ;
						ProvisioningStyle = Automatic;
					};
					B809B603FC687E2351B4A7BD = {
						DevelopmentTeam = S6AT3QA6PJ;
					};
				};
			};
			buildConfigurationList = F8AFB40DF02302CDB4242D34 /* Build configuration list for PBXProject "Manifest" */;
			developmentRegion = en;
			hasScannedForEncodings = 0;
			knownRegions = (
				Base,
				en,
			);
			mainGroup = 5A1CACD20E553A436B7DFD2B;
			minimizedProjectReferenceProxies = 1;
			packageReferences = (
				D91D76F57F330979F218F5DD /* XCRemoteSwiftPackageReference "swift-markdown-ui" */,
			);
			preferredProjectObjectVersion = 77;
			productRefGroup = 1360606D7E93E57E9949CBD5 /* Products */;
			projectDirPath = "";
			projectRoot = "";
			targets = (
				7611AC8940127D854088D555 /* Manifest */,
				B809B603FC687E2351B4A7BD /* ManifestTests */,
			);
		};
/* End PBXProject section */

/* Begin PBXResourcesBuildPhase section */
		17405F8550E60A10C2151C48 /* Resources */ = {
			isa = PBXResourcesBuildPhase;
			buildActionMask = 2147483647;
			files = (
				DD87FC9045E2960D9D9A4EB5 /* Assets.xcassets in Resources */,
				3869A37FEF21FD3162D3A317 /* BundledTemplates in Resources */,
			);
			runOnlyForDeploymentPostprocessing = 0;
		};
/* End PBXResourcesBuildPhase section */

/* Begin PBXSourcesBuildPhase section */
		319A7590D223EFFA3F6F7DA5 /* Sources */ = {
			isa = PBXSourcesBuildPhase;
			buildActionMask = 2147483647;
			files = (
				AD353BD1A4DE85B62C48FD3C /* AddContactSheet.swift in Sources */,
				E4440530C6D3D87AA023D1D3 /* AppColors.swift in Sources */,
				01877A09342106ED34F28834 /* AppState.swift in Sources */,
				F1E13D96671F4FD6E33E9751 /* Checkpoint.swift in Sources */,
				5196CF8F6F1E98097C0F8619 /* CheckpointSeeder.swift in Sources */,
				6D0CF66F2136C762B5F5C5AB /* CheckpointsTabView.swift in Sources */,
				0973EA54E86BE94F44DF1555 /* Contact.swift in Sources */,
				2447C958C18B1D75E72616B6 /* ContactsTabView.swift in Sources */,
				D7A2341D30A953A3E5FE2F16 /* ContentView.swift in Sources */,
				7A5ED3119ED84D03590FE721 /* Engagement.swift in Sources */,
				F442411094D84F299EEA199E /* EngagementTrackerApp.swift in Sources */,
				6BB849098F1F07B0EE465081 /* EngagementsTabView.swift in Sources */,
				9CFB4FF3D3F36589D3F76088 /* Enums.swift in Sources */,
				5E8C6DDC63617D1126D54597 /* ExportModels.swift in Sources */,
				F8F501534417F54528665B80 /* ExportService.swift in Sources */,
				50D5C7F20DB3C4D93109E4DF /* ExportSheet.swift in Sources */,
				B2AE174E23B8B804F6E63785 /* ImportService.swift in Sources */,
				0D628ABB8A38E492DD5DF109 /* ImportSheet.swift in Sources */,
				269C6C9134F315B7950565B3 /* LogEngagementSheet.swift in Sources */,
				A99A8445551D5A83A6436E6B /* MarkdownTheme.swift in Sources */,
				18815C8DE80C4D6E60D445DF /* MenuBarPopoverView.swift in Sources */,
				271B36AEFA0DDD427795C8F5 /* NewProjectSheet.swift in Sources */,
				7B852725462114BE2B7F0E84 /* Note.swift in Sources */,
				C104BCEE4961B29CB011752E /* NotesTabView.swift in Sources */,
				F2CD83A45244BB5FBF2E973A /* OverviewTabView.swift in Sources */,
				2E568211E918A6F0386E81F0 /* Project.swift in Sources */,
				1EB249A23CCD3672FFB906E6 /* ProjectCustomField.swift in Sources */,
				058F86F7AC113FA2C5457FE8 /* ProjectDetailView.swift in Sources */,
				DA3C5EE527DB18A04D288EAD /* ProjectListView.swift in Sources */,
				8FE951BD175BD895D3B841E6 /* ProjectTask.swift in Sources */,
				1D25C0F0FB8C945482CA70D9 /* ProjectTemplate.swift in Sources */,
				8149DF13E2F53D0D21AAF3E4 /* QuickCaptureView.swift in Sources */,
				F6A6045ED4E2FC9938D8D68E /* SettingsView.swift in Sources */,
				8F27FE05A97562EC2827003B /* StagesSidebarView.swift in Sources */,
				59AE63601E88DC9D6A4BDF09 /* TasksTabView.swift in Sources */,
				23E24F6C2C4A9F466D77566E /* TemplatePickerView.swift in Sources */,
			);
			runOnlyForDeploymentPostprocessing = 0;
		};
		CB80448E5B962067A6E68288 /* Sources */ = {
			isa = PBXSourcesBuildPhase;
			buildActionMask = 2147483647;
			files = (
				D2F5449B6212A4848C164224 /* BundledTemplatesTests.swift in Sources */,
				65DB8410A1E5BD802C6F9CBF /* CheckpointSeederTests.swift in Sources */,
				ED66F6670F347909356D1628 /* ExportModelsTests.swift in Sources */,
				4E10030BA6E966A4D5D5A63D /* ExportServiceTests.swift in Sources */,
				32AE3D78D39E875CA3E492D1 /* ImportServiceTests.swift in Sources */,
				C7F45E9B0E8E5E7F786B9232 /* ProjectCustomFieldTests.swift in Sources */,
				BC0B23840BFB5E64D2CDF6C7 /* ProjectStageTests.swift in Sources */,
				4F0A887F73E10C811A6C4C48 /* QuickCaptureTests.swift in Sources */,
				D2763F3E2E27E1E4A1BFEEDD /* SearchFilterTests.swift in Sources */,
			);
			runOnlyForDeploymentPostprocessing = 0;
		};
/* End PBXSourcesBuildPhase section */

/* Begin PBXTargetDependency section */
		1313A8DA64B87D9F29C9D1C0 /* PBXTargetDependency */ = {
			isa = PBXTargetDependency;
			target = 7611AC8940127D854088D555 /* Manifest */;
			targetProxy = 2A0865BFA0F7F258A4A0FF81 /* PBXContainerItemProxy */;
		};
/* End PBXTargetDependency section */

/* Begin XCBuildConfiguration section */
		1B6E89B074FEBD0BF6DB0C99 /* Release */ = {
			isa = XCBuildConfiguration;
			buildSettings = {
				BUNDLE_LOADER = "$(TEST_HOST)";
				COMBINE_HIDPI_IMAGES = YES;
				GENERATE_INFOPLIST_FILE = YES;
				LD_RUNPATH_SEARCH_PATHS = (
					"$(inherited)",
					"@executable_path/../Frameworks",
					"@loader_path/../Frameworks",
				);
				PRODUCT_BUNDLE_IDENTIFIER = com.greyhoundforty.ManifestTests;
				PRODUCT_NAME = ManifestTests;
				SDKROOT = macosx;
				TEST_HOST = "$(BUILT_PRODUCTS_DIR)/Manifest.app/Contents/MacOS/Manifest";
			};
			name = Release;
		};
		574DAF82F64BF713019678EE /* Release */ = {
			isa = XCBuildConfiguration;
			buildSettings = {
				ASSETCATALOG_COMPILER_APPICON_NAME = AppIcon;
				CODE_SIGN_ENTITLEMENTS = Manifest/Manifest.entitlements;
				CODE_SIGN_STYLE = Automatic;
				COMBINE_HIDPI_IMAGES = YES;
				CURRENT_PROJECT_VERSION = 1;
				INFOPLIST_FILE = Manifest/Info.plist;
				INFOPLIST_KEY_CFBundleDisplayName = manifest;
				INFOPLIST_KEY_LSApplicationCategoryType = "public.app-category.productivity";
				LD_RUNPATH_SEARCH_PATHS = (
					"$(inherited)",
					"@executable_path/../Frameworks",
				);
				MARKETING_VERSION = 0.1;
				PRODUCT_BUNDLE_IDENTIFIER = com.greyhoundforty.Manifest;
				PRODUCT_NAME = Manifest;
				SDKROOT = macosx;
			};
			name = Release;
		};
		9E027480F2D093858F40626F /* Debug */ = {
			isa = XCBuildConfiguration;
			buildSettings = {
				BUNDLE_LOADER = "$(TEST_HOST)";
				COMBINE_HIDPI_IMAGES = YES;
				GENERATE_INFOPLIST_FILE = YES;
				LD_RUNPATH_SEARCH_PATHS = (
					"$(inherited)",
					"@executable_path/../Frameworks",
					"@loader_path/../Frameworks",
				);
				PRODUCT_BUNDLE_IDENTIFIER = com.greyhoundforty.ManifestTests;
				PRODUCT_NAME = ManifestTests;
				SDKROOT = macosx;
				TEST_HOST = "$(BUILT_PRODUCTS_DIR)/Manifest.app/Contents/MacOS/Manifest";
			};
			name = Debug;
		};
		9F1F69FCF6CDFF6EE420D4A4 /* Release */ = {
			isa = XCBuildConfiguration;
			buildSettings = {
				ALWAYS_SEARCH_USER_PATHS = NO;
				CLANG_ANALYZER_NONNULL = YES;
				CLANG_ANALYZER_NUMBER_OBJECT_CONVERSION = YES_AGGRESSIVE;
				CLANG_CXX_LANGUAGE_STANDARD = "gnu++14";
				CLANG_CXX_LIBRARY = "libc++";
				CLANG_ENABLE_MODULES = YES;
				CLANG_ENABLE_OBJC_ARC = YES;
				CLANG_ENABLE_OBJC_WEAK = YES;
				CLANG_WARN_BLOCK_CAPTURE_AUTORELEASING = YES;
				CLANG_WARN_BOOL_CONVERSION = YES;
				CLANG_WARN_COMMA = YES;
				CLANG_WARN_CONSTANT_CONVERSION = YES;
				CLANG_WARN_DEPRECATED_OBJC_IMPLEMENTATIONS = YES;
				CLANG_WARN_DIRECT_OBJC_ISA_USAGE = YES_ERROR;
				CLANG_WARN_DOCUMENTATION_COMMENTS = YES;
				CLANG_WARN_EMPTY_BODY = YES;
				CLANG_WARN_ENUM_CONVERSION = YES;
				CLANG_WARN_INFINITE_RECURSION = YES;
				CLANG_WARN_INT_CONVERSION = YES;
				CLANG_WARN_NON_LITERAL_NULL_CONVERSION = YES;
				CLANG_WARN_OBJC_IMPLICIT_RETAIN_SELF = YES;
				CLANG_WARN_OBJC_LITERAL_CONVERSION = YES;
				CLANG_WARN_OBJC_ROOT_CLASS = YES_ERROR;
				CLANG_WARN_QUOTED_INCLUDE_IN_FRAMEWORK_HEADER = YES;
				CLANG_WARN_RANGE_LOOP_ANALYSIS = YES;
				CLANG_WARN_STRICT_PROTOTYPES = YES;
				CLANG_WARN_SUSPICIOUS_MOVE = YES;
				CLANG_WARN_UNGUARDED_AVAILABILITY = YES_AGGRESSIVE;
				CLANG_WARN_UNREACHABLE_CODE = YES;
				CLANG_WARN__DUPLICATE_METHOD_MATCH = YES;
				COPY_PHASE_STRIP = NO;
				DEBUG_INFORMATION_FORMAT = "dwarf-with-dsym";
				DEVELOPMENT_TEAM = S6AT3QA6PJ;
				ENABLE_HARDENED_RUNTIME = YES;
				ENABLE_NS_ASSERTIONS = NO;
				ENABLE_STRICT_OBJC_MSGSEND = YES;
				GCC_C_LANGUAGE_STANDARD = gnu11;
				GCC_NO_COMMON_BLOCKS = YES;
				GCC_WARN_64_TO_32_BIT_CONVERSION = YES;
				GCC_WARN_ABOUT_RETURN_TYPE = YES_ERROR;
				GCC_WARN_UNDECLARED_SELECTOR = YES;
				GCC_WARN_UNINITIALIZED_AUTOS = YES_AGGRESSIVE;
				GCC_WARN_UNUSED_FUNCTION = YES;
				GCC_WARN_UNUSED_VARIABLE = YES;
				MACOSX_DEPLOYMENT_TARGET = 14.0;
				MTL_ENABLE_DEBUG_INFO = NO;
				MTL_FAST_MATH = YES;
				PRODUCT_NAME = "$(TARGET_NAME)";
				SDKROOT = macosx;
				SWIFT_COMPILATION_MODE = wholemodule;
				SWIFT_OPTIMIZATION_LEVEL = "-O";
				SWIFT_VERSION = 5.9;
			};
			name = Release;
		};
		B2399D4B617EE427BFDB6F5B /* Debug */ = {
			isa = XCBuildConfiguration;
			buildSettings = {
				ALWAYS_SEARCH_USER_PATHS = NO;
				CLANG_ANALYZER_NONNULL = YES;
				CLANG_ANALYZER_NUMBER_OBJECT_CONVERSION = YES_AGGRESSIVE;
				CLANG_CXX_LANGUAGE_STANDARD = "gnu++14";
				CLANG_CXX_LIBRARY = "libc++";
				CLANG_ENABLE_MODULES = YES;
				CLANG_ENABLE_OBJC_ARC = YES;
				CLANG_ENABLE_OBJC_WEAK = YES;
				CLANG_WARN_BLOCK_CAPTURE_AUTORELEASING = YES;
				CLANG_WARN_BOOL_CONVERSION = YES;
				CLANG_WARN_COMMA = YES;
				CLANG_WARN_CONSTANT_CONVERSION = YES;
				CLANG_WARN_DEPRECATED_OBJC_IMPLEMENTATIONS = YES;
				CLANG_WARN_DIRECT_OBJC_ISA_USAGE = YES_ERROR;
				CLANG_WARN_DOCUMENTATION_COMMENTS = YES;
				CLANG_WARN_EMPTY_BODY = YES;
				CLANG_WARN_ENUM_CONVERSION = YES;
				CLANG_WARN_INFINITE_RECURSION = YES;
				CLANG_WARN_INT_CONVERSION = YES;
				CLANG_WARN_NON_LITERAL_NULL_CONVERSION = YES;
				CLANG_WARN_OBJC_IMPLICIT_RETAIN_SELF = YES;
				CLANG_WARN_OBJC_LITERAL_CONVERSION = YES;
				CLANG_WARN_OBJC_ROOT_CLASS = YES_ERROR;
				CLANG_WARN_QUOTED_INCLUDE_IN_FRAMEWORK_HEADER = YES;
				CLANG_WARN_RANGE_LOOP_ANALYSIS = YES;
				CLANG_WARN_STRICT_PROTOTYPES = YES;
				CLANG_WARN_SUSPICIOUS_MOVE = YES;
				CLANG_WARN_UNGUARDED_AVAILABILITY = YES_AGGRESSIVE;
				CLANG_WARN_UNREACHABLE_CODE = YES;
				CLANG_WARN__DUPLICATE_METHOD_MATCH = YES;
				COPY_PHASE_STRIP = NO;
				DEBUG_INFORMATION_FORMAT = dwarf;
				DEVELOPMENT_TEAM = S6AT3QA6PJ;
				ENABLE_HARDENED_RUNTIME = YES;
				ENABLE_STRICT_OBJC_MSGSEND = YES;
				ENABLE_TESTABILITY = YES;
				GCC_C_LANGUAGE_STANDARD = gnu11;
				GCC_DYNAMIC_NO_PIC = NO;
				GCC_NO_COMMON_BLOCKS = YES;
				GCC_OPTIMIZATION_LEVEL = 0;
				GCC_PREPROCESSOR_DEFINITIONS = (
					"$(inherited)",
					"DEBUG=1",
				);
				GCC_WARN_64_TO_32_BIT_CONVERSION = YES;
				GCC_WARN_ABOUT_RETURN_TYPE = YES_ERROR;
				GCC_WARN_UNDECLARED_SELECTOR = YES;
				GCC_WARN_UNINITIALIZED_AUTOS = YES_AGGRESSIVE;
				GCC_WARN_UNUSED_FUNCTION = YES;
				GCC_WARN_UNUSED_VARIABLE = YES;
				MACOSX_DEPLOYMENT_TARGET = 14.0;
				MTL_ENABLE_DEBUG_INFO = INCLUDE_SOURCE;
				MTL_FAST_MATH = YES;
				ONLY_ACTIVE_ARCH = YES;
				PRODUCT_NAME = "$(TARGET_NAME)";
				SDKROOT = macosx;
				SWIFT_ACTIVE_COMPILATION_CONDITIONS = DEBUG;
				SWIFT_OPTIMIZATION_LEVEL = "-Onone";
				SWIFT_VERSION = 5.9;
			};
			name = Debug;
		};
		D3874B44D4FD0EDC6D9E39CE /* Debug */ = {
			isa = XCBuildConfiguration;
			buildSettings = {
				ASSETCATALOG_COMPILER_APPICON_NAME = AppIcon;
				CODE_SIGN_ENTITLEMENTS = Manifest/Manifest.entitlements;
				CODE_SIGN_STYLE = Automatic;
				COMBINE_HIDPI_IMAGES = YES;
				CURRENT_PROJECT_VERSION = 1;
				INFOPLIST_FILE = Manifest/Info.plist;
				INFOPLIST_KEY_CFBundleDisplayName = manifest;
				INFOPLIST_KEY_LSApplicationCategoryType = "public.app-category.productivity";
				LD_RUNPATH_SEARCH_PATHS = (
					"$(inherited)",
					"@executable_path/../Frameworks",
				);
				MARKETING_VERSION = 0.1;
				PRODUCT_BUNDLE_IDENTIFIER = com.greyhoundforty.Manifest;
				PRODUCT_NAME = Manifest;
				SDKROOT = macosx;
			};
			name = Debug;
		};
/* End XCBuildConfiguration section */

/* Begin XCConfigurationList section */
		6D94B856F649808982EE5480 /* Build configuration list for PBXNativeTarget "ManifestTests" */ = {
			isa = XCConfigurationList;
			buildConfigurations = (
				9E027480F2D093858F40626F /* Debug */,
				1B6E89B074FEBD0BF6DB0C99 /* Release */,
			);
			defaultConfigurationIsVisible = 0;
			defaultConfigurationName = Debug;
		};
		F8AFB40DF02302CDB4242D34 /* Build configuration list for PBXProject "Manifest" */ = {
			isa = XCConfigurationList;
			buildConfigurations = (
				B2399D4B617EE427BFDB6F5B /* Debug */,
				9F1F69FCF6CDFF6EE420D4A4 /* Release */,
			);
			defaultConfigurationIsVisible = 0;
			defaultConfigurationName = Debug;
		};
		F9E54FE6A69E4B155DD859DB /* Build configuration list for PBXNativeTarget "Manifest" */ = {
			isa = XCConfigurationList;
			buildConfigurations = (
				D3874B44D4FD0EDC6D9E39CE /* Debug */,
				574DAF82F64BF713019678EE /* Release */,
			);
			defaultConfigurationIsVisible = 0;
			defaultConfigurationName = Debug;
		};
/* End XCConfigurationList section */

/* Begin XCRemoteSwiftPackageReference section */
		D91D76F57F330979F218F5DD /* XCRemoteSwiftPackageReference "swift-markdown-ui" */ = {
			isa = XCRemoteSwiftPackageReference;
			repositoryURL = "https://github.com/gonzalezreal/swift-markdown-ui.git";
			requirement = {
				kind = upToNextMajorVersion;
				minimumVersion = 2.4.1;
			};
		};
/* End XCRemoteSwiftPackageReference section */

/* Begin XCSwiftPackageProductDependency section */
		DE1F31DE0BF9F8ABD1122E66 /* MarkdownUI */ = {
			isa = XCSwiftPackageProductDependency;
			package = D91D76F57F330979F218F5DD /* XCRemoteSwiftPackageReference "swift-markdown-ui" */;
			productName = MarkdownUI;
		};
/* End XCSwiftPackageProductDependency section */
	};
	rootObject = 2A9237584F54742B5ADB8740 /* Project object */;
}
